// !$*UTF8*$!
{
	archiveVersion = 1;
	classes = {
	};
	objectVersion = 50;
	objects = {

/* Begin PBXBuildFile section */
		C491234924527F7B004D0434 /* GridView.swift in Sources */ = {isa = PBXBuildFile; fileRef = C491234824527F7B004D0434 /* GridView.swift */; };
		C4E7741A244D8316000C9EA5 /* AppDelegate.swift in Sources */ = {isa = PBXBuildFile; fileRef = C4E77419244D8316000C9EA5 /* AppDelegate.swift */; };
		C4E7741C244D8316000C9EA5 /* SceneDelegate.swift in Sources */ = {isa = PBXBuildFile; fileRef = C4E7741B244D8316000C9EA5 /* SceneDelegate.swift */; };
		C4E7741E244D8316000C9EA5 /* ViewController.swift in Sources */ = {isa = PBXBuildFile; fileRef = C4E7741D244D8316000C9EA5 /* ViewController.swift */; };
		C4E77421244D8316000C9EA5 /* Main.storyboard in Resources */ = {isa = PBXBuildFile; fileRef = C4E7741F244D8316000C9EA5 /* Main.storyboard */; };
		C4E77423244D831B000C9EA5 /* Assets.xcassets in Resources */ = {isa = PBXBuildFile; fileRef = C4E77422244D831B000C9EA5 /* Assets.xcassets */; };
		C4E77426244D831B000C9EA5 /* LaunchScreen.storyboard in Resources */ = {isa = PBXBuildFile; fileRef = C4E77424244D831B000C9EA5 /* LaunchScreen.storyboard */; };
		C4E77431244E8CF7000C9EA5 /* TaskView.swift in Sources */ = {isa = PBXBuildFile; fileRef = C4E77430244E8CF7000C9EA5 /* TaskView.swift */; };
		C4E77433244ED336000C9EA5 /* TaskView.xib in Resources */ = {isa = PBXBuildFile; fileRef = C4E77432244ED336000C9EA5 /* TaskView.xib */; };
		C4E774362450408D000C9EA5 /* Task.swift in Sources */ = {isa = PBXBuildFile; fileRef = C4E774352450408D000C9EA5 /* Task.swift */; };
/* End PBXBuildFile section */

/* Begin PBXFileReference section */
		C491234824527F7B004D0434 /* GridView.swift */ = {isa = PBXFileReference; lastKnownFileType = sourcecode.swift; path = GridView.swift; sourceTree = "<group>"; };
		C4E77416244D8316000C9EA5 /* GridBoxCalendar.app */ = {isa = PBXFileReference; explicitFileType = wrapper.application; includeInIndex = 0; path = GridBoxCalendar.app; sourceTree = BUILT_PRODUCTS_DIR; };
		C4E77419244D8316000C9EA5 /* AppDelegate.swift */ = {isa = PBXFileReference; lastKnownFileType = sourcecode.swift; path = AppDelegate.swift; sourceTree = "<group>"; };
		C4E7741B244D8316000C9EA5 /* SceneDelegate.swift */ = {isa = PBXFileReference; lastKnownFileType = sourcecode.swift; path = SceneDelegate.swift; sourceTree = "<group>"; };
		C4E7741D244D8316000C9EA5 /* ViewController.swift */ = {isa = PBXFileReference; lastKnownFileType = sourcecode.swift; path = ViewController.swift; sourceTree = "<group>"; };
		C4E77420244D8316000C9EA5 /* Base */ = {isa = PBXFileReference; lastKnownFileType = file.storyboard; name = Base; path = Base.lproj/Main.storyboard; sourceTree = "<group>"; };
		C4E77422244D831B000C9EA5 /* Assets.xcassets */ = {isa = PBXFileReference; lastKnownFileType = folder.assetcatalog; path = Assets.xcassets; sourceTree = "<group>"; };
		C4E77425244D831B000C9EA5 /* Base */ = {isa = PBXFileReference; lastKnownFileType = file.storyboard; name = Base; path = Base.lproj/LaunchScreen.storyboard; sourceTree = "<group>"; };
		C4E77427244D831B000C9EA5 /* Info.plist */ = {isa = PBXFileReference; lastKnownFileType = text.plist.xml; path = Info.plist; sourceTree = "<group>"; };
		C4E77430244E8CF7000C9EA5 /* TaskView.swift */ = {isa = PBXFileReference; lastKnownFileType = sourcecode.swift; path = TaskView.swift; sourceTree = "<group>"; };
		C4E77432244ED336000C9EA5 /* TaskView.xib */ = {isa = PBXFileReference; lastKnownFileType = file.xib; path = TaskView.xib; sourceTree = "<group>"; };
		C4E774352450408D000C9EA5 /* Task.swift */ = {isa = PBXFileReference; lastKnownFileType = sourcecode.swift; path = Task.swift; sourceTree = "<group>"; };
/* End PBXFileReference section */

/* Begin PBXFrameworksBuildPhase section */
		C4E77413244D8316000C9EA5 /* Frameworks */ = {
			isa = PBXFrameworksBuildPhase;
			buildActionMask = 2147483647;
			files = (
			);
			runOnlyForDeploymentPostprocessing = 0;
		};
/* End PBXFrameworksBuildPhase section */

/* Begin PBXGroup section */
		C4E7740D244D8316000C9EA5 = {
			isa = PBXGroup;
			children = (
				C4E77418244D8316000C9EA5 /* GridBoxCalendar */,
				C4E77417244D8316000C9EA5 /* Products */,
			);
			sourceTree = "<group>";
		};
		C4E77417244D8316000C9EA5 /* Products */ = {
			isa = PBXGroup;
			children = (
				C4E77416244D8316000C9EA5 /* GridBoxCalendar.app */,
			);
			name = Products;
			sourceTree = "<group>";
		};
		C4E77418244D8316000C9EA5 /* GridBoxCalendar */ = {
			isa = PBXGroup;
			children = (
				C4E774342450406C000C9EA5 /* Model */,
				C4E7742D244E8BC6000C9EA5 /* CustomView */,
				C4E77419244D8316000C9EA5 /* AppDelegate.swift */,
				C4E7741B244D8316000C9EA5 /* SceneDelegate.swift */,
				C4E7741D244D8316000C9EA5 /* ViewController.swift */,
				C4E7741F244D8316000C9EA5 /* Main.storyboard */,
				C4E77422244D831B000C9EA5 /* Assets.xcassets */,
				C4E77424244D831B000C9EA5 /* LaunchScreen.storyboard */,
				C4E77427244D831B000C9EA5 /* Info.plist */,
			);
			path = GridBoxCalendar;
			sourceTree = "<group>";
		};
		C4E7742D244E8BC6000C9EA5 /* CustomView */ = {
			isa = PBXGroup;
			children = (
				C4E77430244E8CF7000C9EA5 /* TaskView.swift */,
				C4E77432244ED336000C9EA5 /* TaskView.xib */,
				C491234824527F7B004D0434 /* GridView.swift */,
			);
			path = CustomView;
			sourceTree = "<group>";
		};
		C4E774342450406C000C9EA5 /* Model */ = {
			isa = PBXGroup;
			children = (
				C4E774352450408D000C9EA5 /* Task.swift */,
			);
			path = Model;
			sourceTree = "<group>";
		};
/* End PBXGroup section */

/* Begin PBXNativeTarget section */
		C4E77415244D8316000C9EA5 /* GridBoxCalendar */ = {
			isa = PBXNativeTarget;
			buildConfigurationList = C4E7742A244D831B000C9EA5 /* Build configuration list for PBXNativeTarget "GridBoxCalendar" */;
			buildPhases = (
				C4E77412244D8316000C9EA5 /* Sources */,
				C4E77413244D8316000C9EA5 /* Frameworks */,
				C4E77414244D8316000C9EA5 /* Resources */,
			);
			buildRules = (
			);
			dependencies = (
			);
			name = GridBoxCalendar;
			productName = gridBoxCalendar;
			productReference = C4E77416244D8316000C9EA5 /* GridBoxCalendar.app */;
			productType = "com.apple.product-type.application";
		};
/* End PBXNativeTarget section */

/* Begin PBXProject section */
		C4E7740E244D8316000C9EA5 /* Project object */ = {
			isa = PBXProject;
			attributes = {
				LastSwiftUpdateCheck = 1130;
				LastUpgradeCheck = 1130;
				ORGANIZATIONNAME = Currie;
				TargetAttributes = {
					C4E77415244D8316000C9EA5 = {
						CreatedOnToolsVersion = 11.3;
					};
				};
			};
			buildConfigurationList = C4E77411244D8316000C9EA5 /* Build configuration list for PBXProject "GridBoxCalendar" */;
			compatibilityVersion = "Xcode 9.3";
			developmentRegion = en;
			hasScannedForEncodings = 0;
			knownRegions = (
				en,
				Base,
			);
			mainGroup = C4E7740D244D8316000C9EA5;
			productRefGroup = C4E77417244D8316000C9EA5 /* Products */;
			projectDirPath = "";
			projectRoot = "";
			targets = (
				C4E77415244D8316000C9EA5 /* GridBoxCalendar */,
			);
		};
/* End PBXProject section */

/* Begin PBXResourcesBuildPhase section */
		C4E77414244D8316000C9EA5 /* Resources */ = {
			isa = PBXResourcesBuildPhase;
			buildActionMask = 2147483647;
			files = (
				C4E77426244D831B000C9EA5 /* LaunchScreen.storyboard in Resources */,
				C4E77423244D831B000C9EA5 /* Assets.xcassets in Resources */,
				C4E77421244D8316000C9EA5 /* Main.storyboard in Resources */,
				C4E77433244ED336000C9EA5 /* TaskView.xib in Resources */,
			);
			runOnlyForDeploymentPostprocessing = 0;
		};
/* End PBXResourcesBuildPhase section */

/* Begin PBXSourcesBuildPhase section */
		C4E77412244D8316000C9EA5 /* Sources */ = {
			isa = PBXSourcesBuildPhase;
			buildActionMask = 2147483647;
			files = (
				C4E7741E244D8316000C9EA5 /* ViewController.swift in Sources */,
				C4E7741A244D8316000C9EA5 /* AppDelegate.swift in Sources */,
				C4E774362450408D000C9EA5 /* Task.swift in Sources */,
				C4E7741C244D8316000C9EA5 /* SceneDelegate.swift in Sources */,
				C491234924527F7B004D0434 /* GridView.swift in Sources */,
				C4E77431244E8CF7000C9EA5 /* TaskView.swift in Sources */,
			);
			runOnlyForDeploymentPostprocessing = 0;
		};
/* End PBXSourcesBuildPhase section */

/* Begin PBXVariantGroup section */
		C4E7741F244D8316000C9EA5 /* Main.storyboard */ = {
			isa = PBXVariantGroup;
			children = (
				C4E77420244D8316000C9EA5 /* Base */,
			);
			name = Main.storyboard;
			sourceTree = "<group>";
		};
		C4E77424244D831B000C9EA5 /* LaunchScreen.storyboard */ = {
			isa = PBXVariantGroup;
			children = (
				C4E77425244D831B000C9EA5 /* Base */,
			);
			name = LaunchScreen.storyboard;
			sourceTree = "<group>";
		};
/* End PBXVariantGroup section */

/* Begin XCBuildConfiguration section */
		C4E77428244D831B000C9EA5 /* Debug */ = {
			isa = XCBuildConfiguration;
			buildSettings = {
				ALWAYS_SEARCH_USER_PATHS = NO;
				CLANG_ANALYZER_NONNULL = YES;
				CLANG_ANALYZER_NUMBER_OBJECT_CONVERSION = YES_AGGRESSIVE;
				CLANG_CXX_LANGUAGE_STANDARD = "gnu++14";
				CLANG_CXX_LIBRARY = "libc++";
				CLANG_ENABLE_MODULES = YES;
				CLANG_ENABLE_OBJC_ARC = YES;
				CLANG_ENABLE_OBJC_WEAK = YES;
				CLANG_WARN_BLOCK_CAPTURE_AUTORELEASING = YES;
				CLANG_WARN_BOOL_CONVERSION = YES;
				CLANG_WARN_COMMA = YES;
				CLANG_WARN_CONSTANT_CONVERSION = YES;
				CLANG_WARN_DEPRECATED_OBJC_IMPLEMENTATIONS = YES;
				CLANG_WARN_DIRECT_OBJC_ISA_USAGE = YES_ERROR;
				CLANG_WARN_DOCUMENTATION_COMMENTS = YES;
				CLANG_WARN_EMPTY_BODY = YES;
				CLANG_WARN_ENUM_CONVERSION = YES;
				CLANG_WARN_INFINITE_RECURSION = YES;
				CLANG_WARN_INT_CONVERSION = YES;
				CLANG_WARN_NON_LITERAL_NULL_CONVERSION = YES;
				CLANG_WARN_OBJC_IMPLICIT_RETAIN_SELF = YES;
				CLANG_WARN_OBJC_LITERAL_CONVERSION = YES;
				CLANG_WARN_OBJC_ROOT_CLASS = YES_ERROR;
				CLANG_WARN_RANGE_LOOP_ANALYSIS = YES;
				CLANG_WARN_STRICT_PROTOTYPES = YES;
				CLANG_WARN_SUSPICIOUS_MOVE = YES;
				CLANG_WARN_UNGUARDED_AVAILABILITY = YES_AGGRESSIVE;
				CLANG_WARN_UNREACHABLE_CODE = YES;
				CLANG_WARN__DUPLICATE_METHOD_MATCH = YES;
				COPY_PHASE_STRIP = NO;
				DEBUG_INFORMATION_FORMAT = dwarf;
				ENABLE_STRICT_OBJC_MSGSEND = YES;
				ENABLE_TESTABILITY = YES;
				GCC_C_LANGUAGE_STANDARD = gnu11;
				GCC_DYNAMIC_NO_PIC = NO;
				GCC_NO_COMMON_BLOCKS = YES;
				GCC_OPTIMIZATION_LEVEL = 0;
				GCC_PREPROCESSOR_DEFINITIONS = (
					"DEBUG=1",
					"$(inherited)",
				);
				GCC_WARN_64_TO_32_BIT_CONVERSION = YES;
				GCC_WARN_ABOUT_RETURN_TYPE = YES_ERROR;
				GCC_WARN_UNDECLARED_SELECTOR = YES;
				GCC_WARN_UNINITIALIZED_AUTOS = YES_AGGRESSIVE;
				GCC_WARN_UNUSED_FUNCTION = YES;
				GCC_WARN_UNUSED_VARIABLE = YES;
				IPHONEOS_DEPLOYMENT_TARGET = 13.2;
				MTL_ENABLE_DEBUG_INFO = INCLUDE_SOURCE;
				MTL_FAST_MATH = YES;
				ONLY_ACTIVE_ARCH = YES;
				SDKROOT = iphoneos;
				SWIFT_ACTIVE_COMPILATION_CONDITIONS = DEBUG;
				SWIFT_OPTIMIZATION_LEVEL = "-Onone";
			};
			name = Debug;
		};
		C4E77429244D831B000C9EA5 /* Release */ = {
			isa = XCBuildConfiguration;
			buildSettings = {
				ALWAYS_SEARCH_USER_PATHS = NO;
				CLANG_ANALYZER_NONNULL = YES;
				CLANG_ANALYZER_NUMBER_OBJECT_CONVERSION = YES_AGGRESSIVE;
				CLANG_CXX_LANGUAGE_STANDARD = "gnu++14";
				CLANG_CXX_LIBRARY = "libc++";
				CLANG_ENABLE_MODULES = YES;
				CLANG_ENABLE_OBJC_ARC = YES;
				CLANG_ENABLE_OBJC_WEAK = YES;
				CLANG_WARN_BLOCK_CAPTURE_AUTORELEASING = YES;
				CLANG_WARN_BOOL_CONVERSION = YES;
				CLANG_WARN_COMMA = YES;
				CLANG_WARN_CONSTANT_CONVERSION = YES;
				CLANG_WARN_DEPRECATED_OBJC_IMPLEMENTATIONS = YES;
				CLANG_WARN_DIRECT_OBJC_ISA_USAGE = YES_ERROR;
				CLANG_WARN_DOCUMENTATION_COMMENTS = YES;
				CLANG_WARN_EMPTY_BODY = YES;
				CLANG_WARN_ENUM_CONVERSION = YES;
				CLANG_WARN_INFINITE_RECURSION = YES;
				CLANG_WARN_INT_CONVERSION = YES;
				CLANG_WARN_NON_LITERAL_NULL_CONVERSION = YES;
				CLANG_WARN_OBJC_IMPLICIT_RETAIN_SELF = YES;
				CLANG_WARN_OBJC_LITERAL_CONVERSION = YES;
				CLANG_WARN_OBJC_ROOT_CLASS = YES_ERROR;
				CLANG_WARN_RANGE_LOOP_ANALYSIS = YES;
				CLANG_WARN_STRICT_PROTOTYPES = YES;
				CLANG_WARN_SUSPICIOUS_MOVE = YES;
				CLANG_WARN_UNGUARDED_AVAILABILITY = YES_AGGRESSIVE;
				CLANG_WARN_UNREACHABLE_CODE = YES;
				CLANG_WARN__DUPLICATE_METHOD_MATCH = YES;
				COPY_PHASE_STRIP = NO;
				DEBUG_INFORMATION_FORMAT = "dwarf-with-dsym";
				ENABLE_NS_ASSERTIONS = NO;
				ENABLE_STRICT_OBJC_MSGSEND = YES;
				GCC_C_LANGUAGE_STANDARD = gnu11;
				GCC_NO_COMMON_BLOCKS = YES;
				GCC_WARN_64_TO_32_BIT_CONVERSION = YES;
				GCC_WARN_ABOUT_RETURN_TYPE = YES_ERROR;
				GCC_WARN_UNDECLARED_SELECTOR = YES;
				GCC_WARN_UNINITIALIZED_AUTOS = YES_AGGRESSIVE;
				GCC_WARN_UNUSED_FUNCTION = YES;
				GCC_WARN_UNUSED_VARIABLE = YES;
				IPHONEOS_DEPLOYMENT_TARGET = 13.2;
				MTL_ENABLE_DEBUG_INFO = NO;
				MTL_FAST_MATH = YES;
				SDKROOT = iphoneos;
				SWIFT_COMPILATION_MODE = wholemodule;
				SWIFT_OPTIMIZATION_LEVEL = "-O";
				VALIDATE_PRODUCT = YES;
			};
			name = Release;
		};
		C4E7742B244D831B000C9EA5 /* Debug */ = {
			isa = XCBuildConfiguration;
			buildSettings = {
				ASSETCATALOG_COMPILER_APPICON_NAME = AppIcon;
				CODE_SIGN_STYLE = Automatic;
				INFOPLIST_FILE = gridBoxCalendar/Info.plist;
				LD_RUNPATH_SEARCH_PATHS = (
					"$(inherited)",
					"@executable_path/Frameworks",
				);
				PRODUCT_BUNDLE_IDENTIFIER = com.currie.gridBoxCalendar;
				PRODUCT_NAME = GridBoxCalendar;
				SWIFT_VERSION = 5.0;
				TARGETED_DEVICE_FAMILY = "1,2";
			};
			name = Debug;
		};
		C4E7742C244D831B000C9EA5 /* Release */ = {
			isa = XCBuildConfiguration;
			buildSettings = {
				ASSETCATALOG_COMPILER_APPICON_NAME = AppIcon;
				CODE_SIGN_STYLE = Automatic;
				INFOPLIST_FILE = gridBoxCalendar/Info.plist;
				LD_RUNPATH_SEARCH_PATHS = (
					"$(inherited)",
					"@executable_path/Frameworks",
				);
				PRODUCT_BUNDLE_IDENTIFIER = com.currie.gridBoxCalendar;
				PRODUCT_NAME = GridBoxCalendar;
				SWIFT_VERSION = 5.0;
				TARGETED_DEVICE_FAMILY = "1,2";
			};
			name = Release;
		};
/* End XCBuildConfiguration section */

/* Begin XCConfigurationList section */
		C4E77411244D8316000C9EA5 /* Build configuration list for PBXProject "GridBoxCalendar" */ = {
			isa = XCConfigurationList;
			buildConfigurations = (
				C4E77428244D831B000C9EA5 /* Debug */,
				C4E77429244D831B000C9EA5 /* Release */,
			);
			defaultConfigurationIsVisible = 0;
			defaultConfigurationName = Release;
		};
		C4E7742A244D831B000C9EA5 /* Build configuration list for PBXNativeTarget "GridBoxCalendar" */ = {
			isa = XCConfigurationList;
			buildConfigurations = (
				C4E7742B244D831B000C9EA5 /* Debug */,
				C4E7742C244D831B000C9EA5 /* Release */,
			);
			defaultConfigurationIsVisible = 0;
			defaultConfigurationName = Release;
		};
/* End XCConfigurationList section */
	};
	rootObject = C4E7740E244D8316000C9EA5 /* Project object */;
}
